
Microsoft Visual Studio Solution File, Format Version 12.00
# Visual Studio Version 16
VisualStudioVersion = 16.0.31205.134
MinimumVisualStudioVersion = 10.0.40219.1
Project("{FAE04EC0-301F-11D3-BF4B-00C04F79EFBC}") = "LastModule", "LastModule.csproj", "{1EE1D7D2-9B71-40C8-8AF8-F16867E34D1A}"
EndProject
Global
	GlobalSection(SolutionConfigurationPlatforms) = preSolution
		Debug|Any CPU = Debug|Any CPU
		Release|Any CPU = Release|Any CPU
	EndGlobalSection
	GlobalSection(ProjectConfigurationPlatforms) = postSolution
		{1EE1D7D2-9B71-40C8-8AF8-F16867E34D1A}.Debug|Any CPU.ActiveCfg = Debug|Any CPU
		{1EE1D7D2-9B71-40C8-8AF8-F16867E34D1A}.Debug|Any CPU.Build.0 = Debug|Any CPU
		{1EE1D7D2-9B71-40C8-8AF8-F16867E34D1A}.Release|Any CPU.ActiveCfg = Release|Any CPU
		{1EE1D7D2-9B71-40C8-8AF8-F16867E34D1A}.Release|Any CPU.Build.0 = Release|Any CPU
	EndGlobalSection
	GlobalSection(SolutionProperties) = preSolution
		HideSolutionNode = FALSE
	EndGlobalSection
	GlobalSection(ExtensibilityGlobals) = postSolution
		SolutionGuid = {F25AF055-EE69-4DE0-840D-5C206A205FCA}
	EndGlobalSection
EndGlobal
